
Microsoft Visual Studio Solution File, Format Version 12.00
# Visual Studio 15
VisualStudioVersion = 15.0.26430.16
MinimumVisualStudioVersion = 10.0.40219.1
Project("{FAE04EC0-301F-11D3-BF4B-00C04F79EFBC}") = "Spect.Net.Z80Tests", "Spect.Net.Z80Tests\Spect.Net.Z80Tests.csproj", "{D771C480-F598-484A-B7CE-C9C1709C43F6}"
EndProject
Project("{FAE04EC0-301F-11D3-BF4B-00C04F79EFBC}") = "Spect.Net.SpectrumEmu", "Spect.Net.SpectrumEmu\Spect.Net.SpectrumEmu.csproj", "{9B8A0D4D-963B-4971-B601-D9B17315D2E4}"
EndProject
Project("{FAE04EC0-301F-11D3-BF4B-00C04F79EFBC}") = "Spect.Net.SpectrumEmu.Test", "Spect.Net.SpectrumEmu.Test\Spect.Net.SpectrumEmu.Test.csproj", "{0FA3D739-9F01-4F66-8BDA-28F0DB528531}"
EndProject
Project("{FAE04EC0-301F-11D3-BF4B-00C04F79EFBC}") = "Spect.Net.Wpf", "Spect.Net.Wpf\Spect.Net.Wpf.csproj", "{F8684DB0-BC0E-4391-B8C1-85040906D937}"
EndProject
Project("{FAE04EC0-301F-11D3-BF4B-00C04F79EFBC}") = "Spect.Net.Wpf.Test", "Spect.Net.Wpf.Test\Spect.Net.Wpf.Test.csproj", "{4777853D-C3A8-4469-964B-B183B3B4A3B7}"
EndProject
Project("{2150E333-8FDC-42A3-9474-1A3956D46DE8}") = "Core", "Core", "{573A0C70-B95B-44BA-9C55-B350739A2C2D}"
EndProject
Project("{2150E333-8FDC-42A3-9474-1A3956D46DE8}") = "Tests", "Tests", "{C1E57370-ADB2-4B95-A791-454DCAE84708}"
EndProject
Project("{2150E333-8FDC-42A3-9474-1A3956D46DE8}") = "Clients", "Clients", "{018D4BBB-2269-4D24-B386-F30DC2F735DC}"
EndProject
Project("{FAE04EC0-301F-11D3-BF4B-00C04F79EFBC}") = "Spect.Net.WpfClient", "Spect.Net.WpfClient\Spect.Net.WpfClient.csproj", "{139F41D1-EC8E-482E-9B34-E6A85B73D725}"
EndProject
Project("{2150E333-8FDC-42A3-9474-1A3956D46DE8}") = "VsIntegration", "VsIntegration", "{61B00143-1411-4891-B064-15B6E276B08B}"
EndProject
Project("{FAE04EC0-301F-11D3-BF4B-00C04F79EFBC}") = "Spect.Net.VsPackage", "Spect.Net.VsPackage\Spect.Net.VsPackage.csproj", "{EC3D7846-9365-4721-AB8E-40109836764D}"
EndProject
Global
	GlobalSection(SolutionConfigurationPlatforms) = preSolution
		Debug|Any CPU = Debug|Any CPU
		Release|Any CPU = Release|Any CPU
	EndGlobalSection
	GlobalSection(ProjectConfigurationPlatforms) = postSolution
		{D771C480-F598-484A-B7CE-C9C1709C43F6}.Debug|Any CPU.ActiveCfg = Debug|Any CPU
		{D771C480-F598-484A-B7CE-C9C1709C43F6}.Debug|Any CPU.Build.0 = Debug|Any CPU
		{D771C480-F598-484A-B7CE-C9C1709C43F6}.Release|Any CPU.ActiveCfg = Release|Any CPU
		{D771C480-F598-484A-B7CE-C9C1709C43F6}.Release|Any CPU.Build.0 = Release|Any CPU
		{9B8A0D4D-963B-4971-B601-D9B17315D2E4}.Debug|Any CPU.ActiveCfg = Debug|Any CPU
		{9B8A0D4D-963B-4971-B601-D9B17315D2E4}.Debug|Any CPU.Build.0 = Debug|Any CPU
		{9B8A0D4D-963B-4971-B601-D9B17315D2E4}.Release|Any CPU.ActiveCfg = Release|Any CPU
		{9B8A0D4D-963B-4971-B601-D9B17315D2E4}.Release|Any CPU.Build.0 = Release|Any CPU
		{0FA3D739-9F01-4F66-8BDA-28F0DB528531}.Debug|Any CPU.ActiveCfg = Debug|Any CPU
		{0FA3D739-9F01-4F66-8BDA-28F0DB528531}.Debug|Any CPU.Build.0 = Debug|Any CPU
		{0FA3D739-9F01-4F66-8BDA-28F0DB528531}.Release|Any CPU.ActiveCfg = Release|Any CPU
		{0FA3D739-9F01-4F66-8BDA-28F0DB528531}.Release|Any CPU.Build.0 = Release|Any CPU
		{F8684DB0-BC0E-4391-B8C1-85040906D937}.Debug|Any CPU.ActiveCfg = Debug|Any CPU
		{F8684DB0-BC0E-4391-B8C1-85040906D937}.Debug|Any CPU.Build.0 = Debug|Any CPU
		{F8684DB0-BC0E-4391-B8C1-85040906D937}.Release|Any CPU.ActiveCfg = Release|Any CPU
		{F8684DB0-BC0E-4391-B8C1-85040906D937}.Release|Any CPU.Build.0 = Release|Any CPU
		{4777853D-C3A8-4469-964B-B183B3B4A3B7}.Debug|Any CPU.ActiveCfg = Debug|Any CPU
		{4777853D-C3A8-4469-964B-B183B3B4A3B7}.Debug|Any CPU.Build.0 = Debug|Any CPU
		{4777853D-C3A8-4469-964B-B183B3B4A3B7}.Release|Any CPU.ActiveCfg = Release|Any CPU
		{4777853D-C3A8-4469-964B-B183B3B4A3B7}.Release|Any CPU.Build.0 = Release|Any CPU
		{139F41D1-EC8E-482E-9B34-E6A85B73D725}.Debug|Any CPU.ActiveCfg = Debug|Any CPU
		{139F41D1-EC8E-482E-9B34-E6A85B73D725}.Debug|Any CPU.Build.0 = Debug|Any CPU
		{139F41D1-EC8E-482E-9B34-E6A85B73D725}.Release|Any CPU.ActiveCfg = Release|Any CPU
		{139F41D1-EC8E-482E-9B34-E6A85B73D725}.Release|Any CPU.Build.0 = Release|Any CPU
		{EC3D7846-9365-4721-AB8E-40109836764D}.Debug|Any CPU.ActiveCfg = Debug|Any CPU
		{EC3D7846-9365-4721-AB8E-40109836764D}.Debug|Any CPU.Build.0 = Debug|Any CPU
		{EC3D7846-9365-4721-AB8E-40109836764D}.Release|Any CPU.ActiveCfg = Release|Any CPU
		{EC3D7846-9365-4721-AB8E-40109836764D}.Release|Any CPU.Build.0 = Release|Any CPU
	EndGlobalSection
	GlobalSection(SolutionProperties) = preSolution
		HideSolutionNode = FALSE
	EndGlobalSection
	GlobalSection(NestedProjects) = preSolution
		{D771C480-F598-484A-B7CE-C9C1709C43F6} = {018D4BBB-2269-4D24-B386-F30DC2F735DC}
		{9B8A0D4D-963B-4971-B601-D9B17315D2E4} = {573A0C70-B95B-44BA-9C55-B350739A2C2D}
		{0FA3D739-9F01-4F66-8BDA-28F0DB528531} = {C1E57370-ADB2-4B95-A791-454DCAE84708}
		{F8684DB0-BC0E-4391-B8C1-85040906D937} = {573A0C70-B95B-44BA-9C55-B350739A2C2D}
		{4777853D-C3A8-4469-964B-B183B3B4A3B7} = {C1E57370-ADB2-4B95-A791-454DCAE84708}
		{139F41D1-EC8E-482E-9B34-E6A85B73D725} = {018D4BBB-2269-4D24-B386-F30DC2F735DC}
		{EC3D7846-9365-4721-AB8E-40109836764D} = {61B00143-1411-4891-B064-15B6E276B08B}
	EndGlobalSection
EndGlobal
