
Microsoft Visual Studio Solution File, Format Version 12.00
# Visual Studio 15
VisualStudioVersion = 15.0.27130.2027
MinimumVisualStudioVersion = 10.0.40219.1
Project("{2150E333-8FDC-42A3-9474-1A3956D46DE8}") = "Core", "Core", "{573A0C70-B95B-44BA-9C55-B350739A2C2D}"
EndProject
Project("{2150E333-8FDC-42A3-9474-1A3956D46DE8}") = "Tests", "Tests", "{C1E57370-ADB2-4B95-A791-454DCAE84708}"
EndProject
Project("{2150E333-8FDC-42A3-9474-1A3956D46DE8}") = "Clients", "Clients", "{018D4BBB-2269-4D24-B386-F30DC2F735DC}"
EndProject
Project("{2150E333-8FDC-42A3-9474-1A3956D46DE8}") = "VsIntegration", "VsIntegration", "{61B00143-1411-4891-B064-15B6E276B08B}"
	ProjectSection(SolutionItems) = preProject
		DeployChecklist.md = DeployChecklist.md
	EndProjectSection
EndProject
Project("{2150E333-8FDC-42A3-9474-1A3956D46DE8}") = "Solution Items", "Solution Items", "{62F75531-6A49-42CF-8B78-F8F8F35D28CD}"
	ProjectSection(SolutionItems) = preProject
		CHANGELOG.md = CHANGELOG.md
		README.md = README.md
		Documentation\Z80Assembly\Z80AssemblerReference.md = Documentation\Z80Assembly\Z80AssemblerReference.md
	EndProjectSection
EndProject
Project("{FAE04EC0-301F-11D3-BF4B-00C04F79EFBC}") = "Spect.Net.RomResources", "Core\Spect.Net.RomResources\Spect.Net.RomResources.csproj", "{9F90CF6B-CCEF-4B30-AA35-9205BEB6EB21}"
EndProject
Project("{FAE04EC0-301F-11D3-BF4B-00C04F79EFBC}") = "Spect.Net.Wpf", "Core\Spect.Net.Wpf\Spect.Net.Wpf.csproj", "{F8684DB0-BC0E-4391-B8C1-85040906D937}"
EndProject
Project("{FAE04EC0-301F-11D3-BF4B-00C04F79EFBC}") = "Spect.Net.WpfClient", "Clients\Spect.Net.WpfClient\Spect.Net.WpfClient.csproj", "{139F41D1-EC8E-482E-9B34-E6A85B73D725}"
EndProject
Project("{FAE04EC0-301F-11D3-BF4B-00C04F79EFBC}") = "Spect.Net.SpectrumEmu.Test", "Tests\Spect.Net.SpectrumEmu.Test\Spect.Net.SpectrumEmu.Test.csproj", "{0FA3D739-9F01-4F66-8BDA-28F0DB528531}"
EndProject
Project("{FAE04EC0-301F-11D3-BF4B-00C04F79EFBC}") = "Spect.Net.VsPackage.Test", "Tests\Spect.Net.VsPackage.Test\Spect.Net.VsPackage.Test.csproj", "{B45ADF5B-AD6F-4190-86B2-FF12FB754543}"
EndProject
Project("{FAE04EC0-301F-11D3-BF4B-00C04F79EFBC}") = "Spect.Net.CodeDiscover.ProjectTemplate", "VsIntegration\Spect.Net.CodeDiscover.ProjectTemplate\Spect.Net.CodeDiscover.ProjectTemplate.csproj", "{3A5A8F76-4C01-4C78-A246-120FB1A2A84D}"
EndProject
Project("{FAE04EC0-301F-11D3-BF4B-00C04F79EFBC}") = "Spect.Net.CodeDiscover.ProjectType", "VsIntegration\Spect.Net.CodeDiscover.ProjectType\Spect.Net.CodeDiscover.ProjectType.csproj", "{9CAD4A2B-3259-4F36-BCEB-0416AE1414E8}"
EndProject
Project("{FAE04EC0-301F-11D3-BF4B-00C04F79EFBC}") = "Spect.Net.DisassAnnTemplate", "VsIntegration\Spect.Net.DisassAnnTemplate\Spect.Net.DisassAnnTemplate.csproj", "{A1ED7455-CD22-4F52-AF0C-E39379F3C304}"
EndProject
Project("{FAE04EC0-301F-11D3-BF4B-00C04F79EFBC}") = "Spect.Net.VsPackage", "VsIntegration\Spect.Net.VsPackage\Spect.Net.VsPackage.csproj", "{EC3D7846-9365-4721-AB8E-40109836764D}"
EndProject
Project("{2150E333-8FDC-42A3-9474-1A3956D46DE8}") = "Assembler", "Assembler", "{F42659D3-2385-4C73-976C-E6156FA46CD9}"
	ProjectSection(SolutionItems) = preProject
		Assembler\README.md = Assembler\README.md
	EndProjectSection
EndProject
Project("{FAE04EC0-301F-11D3-BF4B-00C04F79EFBC}") = "Spect.Net.Assembler", "Assembler\Spect.Net.Assembler\Spect.Net.Assembler.csproj", "{BB7BD2CA-017A-43BE-993B-B8C4D58EE4B5}"
EndProject
Project("{FAE04EC0-301F-11D3-BF4B-00C04F79EFBC}") = "Spect.Net.Assembler.Test", "Tests\Spect.Net.Assembler.Test\Spect.Net.Assembler.Test.csproj", "{1F0951CA-223C-4970-914F-4873156E32C4}"
EndProject
Project("{FAE04EC0-301F-11D3-BF4B-00C04F79EFBC}") = "Spect.Net.Z80AsmTemplate", "VsIntegration\Spect.Net.Z80AsmTemplate\Spect.Net.Z80AsmTemplate.csproj", "{D196FD0C-B95D-4E7F-B583-0CDE19A65FA7}"
EndProject
Project("{FAE04EC0-301F-11D3-BF4B-00C04F79EFBC}") = "Spect.Net.SpectrumEmu", "Core\Spect.Net.SpectrumEmu\Spect.Net.SpectrumEmu.csproj", "{B8E3E63C-B267-4A98-A371-9788920E04FF}"
EndProject
Project("{FAE04EC0-301F-11D3-BF4B-00C04F79EFBC}") = "Spect.Net.ProjectWizard", "VsIntegration\Spect.Net.ProjectWizard\Spect.Net.ProjectWizard.csproj", "{28B59AE6-C12F-4C54-ADC7-4CD89E24BABA}"
EndProject
Project("{FAE04EC0-301F-11D3-BF4B-00C04F79EFBC}") = "Spect.Net.TestParser", "Assembler\Spect.Net.TestParser\Spect.Net.TestParser.csproj", "{5EC1EE2C-47B0-45A2-8E76-AD5626C3CC05}"
EndProject
Project("{FAE04EC0-301F-11D3-BF4B-00C04F79EFBC}") = "Spect.Net.TestParser.Test", "Tests\Spect.Net.TestParser.Test\Spect.Net.TestParser.Test.csproj", "{C27714F0-69AA-4295-9D32-DCC6D5276EA5}"
EndProject
Project("{FAE04EC0-301F-11D3-BF4B-00C04F79EFBC}") = "Spect.Net.Z80TestTemplate", "VsIntegration\Spect.Net.Z80TestTemplate\Spect.Net.Z80TestTemplate.csproj", "{2BDBACFF-23E2-4441-984F-3C835FA27A90}"
EndProject
Project("{FAE04EC0-301F-11D3-BF4B-00C04F79EFBC}") = "Spect.Net.Scripting.ConsoleAppTemplate", "VsIntegration\Spect.Net.Scripting.ConsoleAppTemplate\Spect.Net.Scripting.ConsoleAppTemplate.csproj", "{D5D8533C-E56A-4374-A5D9-FA1815E364BE}"
EndProject
Project("{FAE04EC0-301F-11D3-BF4B-00C04F79EFBC}") = "Spect.Net.EvalParser", "VsIntegration\Spect.Net.EvalParser\Spect.Net.EvalParser.csproj", "{ADEC05F1-8D6C-4282-85C5-E12A22869F36}"
EndProject
Project("{FAE04EC0-301F-11D3-BF4B-00C04F79EFBC}") = "Spect.Net.EvalParser.Test", "Tests\Spect.Net.EvalParser.Test\Spect.Net.EvalParser.Test.csproj", "{0D2E4379-B808-41F3-9990-AF3BB040C376}"
EndProject
Global
	GlobalSection(SolutionConfigurationPlatforms) = preSolution
		Debug|Any CPU = Debug|Any CPU
		Release|Any CPU = Release|Any CPU
	EndGlobalSection
	GlobalSection(ProjectConfigurationPlatforms) = postSolution
		{9F90CF6B-CCEF-4B30-AA35-9205BEB6EB21}.Debug|Any CPU.ActiveCfg = Debug|Any CPU
		{9F90CF6B-CCEF-4B30-AA35-9205BEB6EB21}.Debug|Any CPU.Build.0 = Debug|Any CPU
		{9F90CF6B-CCEF-4B30-AA35-9205BEB6EB21}.Release|Any CPU.ActiveCfg = Release|Any CPU
		{9F90CF6B-CCEF-4B30-AA35-9205BEB6EB21}.Release|Any CPU.Build.0 = Release|Any CPU
		{F8684DB0-BC0E-4391-B8C1-85040906D937}.Debug|Any CPU.ActiveCfg = Debug|Any CPU
		{F8684DB0-BC0E-4391-B8C1-85040906D937}.Debug|Any CPU.Build.0 = Debug|Any CPU
		{F8684DB0-BC0E-4391-B8C1-85040906D937}.Release|Any CPU.ActiveCfg = Release|Any CPU
		{F8684DB0-BC0E-4391-B8C1-85040906D937}.Release|Any CPU.Build.0 = Release|Any CPU
		{139F41D1-EC8E-482E-9B34-E6A85B73D725}.Debug|Any CPU.ActiveCfg = Debug|Any CPU
		{139F41D1-EC8E-482E-9B34-E6A85B73D725}.Debug|Any CPU.Build.0 = Debug|Any CPU
		{139F41D1-EC8E-482E-9B34-E6A85B73D725}.Release|Any CPU.ActiveCfg = Release|Any CPU
		{139F41D1-EC8E-482E-9B34-E6A85B73D725}.Release|Any CPU.Build.0 = Release|Any CPU
		{0FA3D739-9F01-4F66-8BDA-28F0DB528531}.Debug|Any CPU.ActiveCfg = Debug|Any CPU
		{0FA3D739-9F01-4F66-8BDA-28F0DB528531}.Debug|Any CPU.Build.0 = Debug|Any CPU
		{0FA3D739-9F01-4F66-8BDA-28F0DB528531}.Release|Any CPU.ActiveCfg = Release|Any CPU
		{0FA3D739-9F01-4F66-8BDA-28F0DB528531}.Release|Any CPU.Build.0 = Release|Any CPU
		{B45ADF5B-AD6F-4190-86B2-FF12FB754543}.Debug|Any CPU.ActiveCfg = Debug|Any CPU
		{B45ADF5B-AD6F-4190-86B2-FF12FB754543}.Debug|Any CPU.Build.0 = Debug|Any CPU
		{B45ADF5B-AD6F-4190-86B2-FF12FB754543}.Release|Any CPU.ActiveCfg = Release|Any CPU
		{B45ADF5B-AD6F-4190-86B2-FF12FB754543}.Release|Any CPU.Build.0 = Release|Any CPU
		{3A5A8F76-4C01-4C78-A246-120FB1A2A84D}.Debug|Any CPU.ActiveCfg = Debug|Any CPU
		{3A5A8F76-4C01-4C78-A246-120FB1A2A84D}.Debug|Any CPU.Build.0 = Debug|Any CPU
		{3A5A8F76-4C01-4C78-A246-120FB1A2A84D}.Release|Any CPU.ActiveCfg = Release|Any CPU
		{3A5A8F76-4C01-4C78-A246-120FB1A2A84D}.Release|Any CPU.Build.0 = Release|Any CPU
		{9CAD4A2B-3259-4F36-BCEB-0416AE1414E8}.Debug|Any CPU.ActiveCfg = Debug|Any CPU
		{9CAD4A2B-3259-4F36-BCEB-0416AE1414E8}.Debug|Any CPU.Build.0 = Debug|Any CPU
		{9CAD4A2B-3259-4F36-BCEB-0416AE1414E8}.Release|Any CPU.ActiveCfg = Release|Any CPU
		{9CAD4A2B-3259-4F36-BCEB-0416AE1414E8}.Release|Any CPU.Build.0 = Release|Any CPU
		{A1ED7455-CD22-4F52-AF0C-E39379F3C304}.Debug|Any CPU.ActiveCfg = Debug|Any CPU
		{A1ED7455-CD22-4F52-AF0C-E39379F3C304}.Debug|Any CPU.Build.0 = Debug|Any CPU
		{A1ED7455-CD22-4F52-AF0C-E39379F3C304}.Release|Any CPU.ActiveCfg = Release|Any CPU
		{A1ED7455-CD22-4F52-AF0C-E39379F3C304}.Release|Any CPU.Build.0 = Release|Any CPU
		{EC3D7846-9365-4721-AB8E-40109836764D}.Debug|Any CPU.ActiveCfg = Debug|Any CPU
		{EC3D7846-9365-4721-AB8E-40109836764D}.Debug|Any CPU.Build.0 = Debug|Any CPU
		{EC3D7846-9365-4721-AB8E-40109836764D}.Release|Any CPU.ActiveCfg = Release|Any CPU
		{EC3D7846-9365-4721-AB8E-40109836764D}.Release|Any CPU.Build.0 = Release|Any CPU
		{BB7BD2CA-017A-43BE-993B-B8C4D58EE4B5}.Debug|Any CPU.ActiveCfg = Debug|Any CPU
		{BB7BD2CA-017A-43BE-993B-B8C4D58EE4B5}.Debug|Any CPU.Build.0 = Debug|Any CPU
		{BB7BD2CA-017A-43BE-993B-B8C4D58EE4B5}.Release|Any CPU.ActiveCfg = Release|Any CPU
		{BB7BD2CA-017A-43BE-993B-B8C4D58EE4B5}.Release|Any CPU.Build.0 = Release|Any CPU
		{1F0951CA-223C-4970-914F-4873156E32C4}.Debug|Any CPU.ActiveCfg = Debug|Any CPU
		{1F0951CA-223C-4970-914F-4873156E32C4}.Debug|Any CPU.Build.0 = Debug|Any CPU
		{1F0951CA-223C-4970-914F-4873156E32C4}.Release|Any CPU.ActiveCfg = Release|Any CPU
		{1F0951CA-223C-4970-914F-4873156E32C4}.Release|Any CPU.Build.0 = Release|Any CPU
		{D196FD0C-B95D-4E7F-B583-0CDE19A65FA7}.Debug|Any CPU.ActiveCfg = Debug|Any CPU
		{D196FD0C-B95D-4E7F-B583-0CDE19A65FA7}.Debug|Any CPU.Build.0 = Debug|Any CPU
		{D196FD0C-B95D-4E7F-B583-0CDE19A65FA7}.Release|Any CPU.ActiveCfg = Release|Any CPU
		{D196FD0C-B95D-4E7F-B583-0CDE19A65FA7}.Release|Any CPU.Build.0 = Release|Any CPU
		{B8E3E63C-B267-4A98-A371-9788920E04FF}.Debug|Any CPU.ActiveCfg = Debug|Any CPU
		{B8E3E63C-B267-4A98-A371-9788920E04FF}.Debug|Any CPU.Build.0 = Debug|Any CPU
		{B8E3E63C-B267-4A98-A371-9788920E04FF}.Release|Any CPU.ActiveCfg = Release|Any CPU
		{B8E3E63C-B267-4A98-A371-9788920E04FF}.Release|Any CPU.Build.0 = Release|Any CPU
		{28B59AE6-C12F-4C54-ADC7-4CD89E24BABA}.Debug|Any CPU.ActiveCfg = Debug|Any CPU
		{28B59AE6-C12F-4C54-ADC7-4CD89E24BABA}.Debug|Any CPU.Build.0 = Debug|Any CPU
		{28B59AE6-C12F-4C54-ADC7-4CD89E24BABA}.Release|Any CPU.ActiveCfg = Release|Any CPU
		{28B59AE6-C12F-4C54-ADC7-4CD89E24BABA}.Release|Any CPU.Build.0 = Release|Any CPU
		{5EC1EE2C-47B0-45A2-8E76-AD5626C3CC05}.Debug|Any CPU.ActiveCfg = Debug|Any CPU
		{5EC1EE2C-47B0-45A2-8E76-AD5626C3CC05}.Debug|Any CPU.Build.0 = Debug|Any CPU
		{5EC1EE2C-47B0-45A2-8E76-AD5626C3CC05}.Release|Any CPU.ActiveCfg = Release|Any CPU
		{5EC1EE2C-47B0-45A2-8E76-AD5626C3CC05}.Release|Any CPU.Build.0 = Release|Any CPU
		{C27714F0-69AA-4295-9D32-DCC6D5276EA5}.Debug|Any CPU.ActiveCfg = Debug|Any CPU
		{C27714F0-69AA-4295-9D32-DCC6D5276EA5}.Debug|Any CPU.Build.0 = Debug|Any CPU
		{C27714F0-69AA-4295-9D32-DCC6D5276EA5}.Release|Any CPU.ActiveCfg = Release|Any CPU
		{C27714F0-69AA-4295-9D32-DCC6D5276EA5}.Release|Any CPU.Build.0 = Release|Any CPU
		{2BDBACFF-23E2-4441-984F-3C835FA27A90}.Debug|Any CPU.ActiveCfg = Debug|Any CPU
		{2BDBACFF-23E2-4441-984F-3C835FA27A90}.Debug|Any CPU.Build.0 = Debug|Any CPU
		{2BDBACFF-23E2-4441-984F-3C835FA27A90}.Release|Any CPU.ActiveCfg = Release|Any CPU
		{2BDBACFF-23E2-4441-984F-3C835FA27A90}.Release|Any CPU.Build.0 = Release|Any CPU
		{D5D8533C-E56A-4374-A5D9-FA1815E364BE}.Debug|Any CPU.ActiveCfg = Debug|Any CPU
		{D5D8533C-E56A-4374-A5D9-FA1815E364BE}.Debug|Any CPU.Build.0 = Debug|Any CPU
		{D5D8533C-E56A-4374-A5D9-FA1815E364BE}.Release|Any CPU.ActiveCfg = Release|Any CPU
		{D5D8533C-E56A-4374-A5D9-FA1815E364BE}.Release|Any CPU.Build.0 = Release|Any CPU
		{ADEC05F1-8D6C-4282-85C5-E12A22869F36}.Debug|Any CPU.ActiveCfg = Debug|Any CPU
		{ADEC05F1-8D6C-4282-85C5-E12A22869F36}.Debug|Any CPU.Build.0 = Debug|Any CPU
		{ADEC05F1-8D6C-4282-85C5-E12A22869F36}.Release|Any CPU.ActiveCfg = Release|Any CPU
		{ADEC05F1-8D6C-4282-85C5-E12A22869F36}.Release|Any CPU.Build.0 = Release|Any CPU
		{0D2E4379-B808-41F3-9990-AF3BB040C376}.Debug|Any CPU.ActiveCfg = Debug|Any CPU
		{0D2E4379-B808-41F3-9990-AF3BB040C376}.Debug|Any CPU.Build.0 = Debug|Any CPU
		{0D2E4379-B808-41F3-9990-AF3BB040C376}.Release|Any CPU.ActiveCfg = Release|Any CPU
		{0D2E4379-B808-41F3-9990-AF3BB040C376}.Release|Any CPU.Build.0 = Release|Any CPU
	EndGlobalSection
	GlobalSection(SolutionProperties) = preSolution
		HideSolutionNode = FALSE
	EndGlobalSection
	GlobalSection(NestedProjects) = preSolution
		{9F90CF6B-CCEF-4B30-AA35-9205BEB6EB21} = {573A0C70-B95B-44BA-9C55-B350739A2C2D}
		{F8684DB0-BC0E-4391-B8C1-85040906D937} = {573A0C70-B95B-44BA-9C55-B350739A2C2D}
		{139F41D1-EC8E-482E-9B34-E6A85B73D725} = {018D4BBB-2269-4D24-B386-F30DC2F735DC}
		{0FA3D739-9F01-4F66-8BDA-28F0DB528531} = {C1E57370-ADB2-4B95-A791-454DCAE84708}
		{B45ADF5B-AD6F-4190-86B2-FF12FB754543} = {C1E57370-ADB2-4B95-A791-454DCAE84708}
		{3A5A8F76-4C01-4C78-A246-120FB1A2A84D} = {61B00143-1411-4891-B064-15B6E276B08B}
		{9CAD4A2B-3259-4F36-BCEB-0416AE1414E8} = {61B00143-1411-4891-B064-15B6E276B08B}
		{A1ED7455-CD22-4F52-AF0C-E39379F3C304} = {61B00143-1411-4891-B064-15B6E276B08B}
		{EC3D7846-9365-4721-AB8E-40109836764D} = {61B00143-1411-4891-B064-15B6E276B08B}
		{BB7BD2CA-017A-43BE-993B-B8C4D58EE4B5} = {F42659D3-2385-4C73-976C-E6156FA46CD9}
		{1F0951CA-223C-4970-914F-4873156E32C4} = {C1E57370-ADB2-4B95-A791-454DCAE84708}
		{D196FD0C-B95D-4E7F-B583-0CDE19A65FA7} = {61B00143-1411-4891-B064-15B6E276B08B}
		{B8E3E63C-B267-4A98-A371-9788920E04FF} = {573A0C70-B95B-44BA-9C55-B350739A2C2D}
		{28B59AE6-C12F-4C54-ADC7-4CD89E24BABA} = {61B00143-1411-4891-B064-15B6E276B08B}
		{5EC1EE2C-47B0-45A2-8E76-AD5626C3CC05} = {F42659D3-2385-4C73-976C-E6156FA46CD9}
		{C27714F0-69AA-4295-9D32-DCC6D5276EA5} = {C1E57370-ADB2-4B95-A791-454DCAE84708}
		{2BDBACFF-23E2-4441-984F-3C835FA27A90} = {61B00143-1411-4891-B064-15B6E276B08B}
		{D5D8533C-E56A-4374-A5D9-FA1815E364BE} = {61B00143-1411-4891-B064-15B6E276B08B}
		{ADEC05F1-8D6C-4282-85C5-E12A22869F36} = {61B00143-1411-4891-B064-15B6E276B08B}
		{0D2E4379-B808-41F3-9990-AF3BB040C376} = {C1E57370-ADB2-4B95-A791-454DCAE84708}
	EndGlobalSection
	GlobalSection(ExtensibilityGlobals) = postSolution
		SolutionGuid = {470717C5-BD47-46B0-A255-7687A092812B}
	EndGlobalSection
EndGlobal
