
Microsoft Visual Studio Solution File, Format Version 12.00
# Visual Studio 14
VisualStudioVersion = 14.0.25420.1
MinimumVisualStudioVersion = 10.0.40219.1
Project("{FAE04EC0-301F-11D3-BF4B-00C04F79EFBC}") = "Spect.Net.Z80Emu", "Spect.Net.Z80Emu\Spect.Net.Z80Emu.csproj", "{0835D448-FEAE-4201-A720-45AC4FCBEFF6}"
EndProject
Project("{FAE04EC0-301F-11D3-BF4B-00C04F79EFBC}") = "Spect.Net.Z80Emu.Test", "Spect.Net.Z80Emu.Test\Spect.Net.Z80Emu.Test.csproj", "{D6A13C27-5667-47CA-921B-D281201FB648}"
EndProject
Project("{FAE04EC0-301F-11D3-BF4B-00C04F79EFBC}") = "Spect.Net.Z80DisAsm", "Spect.Net.Z80DisAsm\Spect.Net.Z80DisAsm.csproj", "{0D88FC3B-2704-4038-B424-5EF26088F8C7}"
EndProject
Project("{FAE04EC0-301F-11D3-BF4B-00C04F79EFBC}") = "Spect.Net.Z80DisAsm.Test", "Spect.Net.Z80DisAsm.Test\Spect.Net.Z80DisAsm.Test.csproj", "{9BF0C85B-24CC-4498-BD10-BF667A60542A}"
EndProject
Global
	GlobalSection(SolutionConfigurationPlatforms) = preSolution
		Debug|Any CPU = Debug|Any CPU
		Release|Any CPU = Release|Any CPU
	EndGlobalSection
	GlobalSection(ProjectConfigurationPlatforms) = postSolution
		{0835D448-FEAE-4201-A720-45AC4FCBEFF6}.Debug|Any CPU.ActiveCfg = Debug|Any CPU
		{0835D448-FEAE-4201-A720-45AC4FCBEFF6}.Debug|Any CPU.Build.0 = Debug|Any CPU
		{0835D448-FEAE-4201-A720-45AC4FCBEFF6}.Release|Any CPU.ActiveCfg = Release|Any CPU
		{0835D448-FEAE-4201-A720-45AC4FCBEFF6}.Release|Any CPU.Build.0 = Release|Any CPU
		{D6A13C27-5667-47CA-921B-D281201FB648}.Debug|Any CPU.ActiveCfg = Debug|Any CPU
		{D6A13C27-5667-47CA-921B-D281201FB648}.Debug|Any CPU.Build.0 = Debug|Any CPU
		{D6A13C27-5667-47CA-921B-D281201FB648}.Release|Any CPU.ActiveCfg = Release|Any CPU
		{D6A13C27-5667-47CA-921B-D281201FB648}.Release|Any CPU.Build.0 = Release|Any CPU
		{0D88FC3B-2704-4038-B424-5EF26088F8C7}.Debug|Any CPU.ActiveCfg = Debug|Any CPU
		{0D88FC3B-2704-4038-B424-5EF26088F8C7}.Debug|Any CPU.Build.0 = Debug|Any CPU
		{0D88FC3B-2704-4038-B424-5EF26088F8C7}.Release|Any CPU.ActiveCfg = Release|Any CPU
		{0D88FC3B-2704-4038-B424-5EF26088F8C7}.Release|Any CPU.Build.0 = Release|Any CPU
		{9BF0C85B-24CC-4498-BD10-BF667A60542A}.Debug|Any CPU.ActiveCfg = Debug|Any CPU
		{9BF0C85B-24CC-4498-BD10-BF667A60542A}.Debug|Any CPU.Build.0 = Debug|Any CPU
		{9BF0C85B-24CC-4498-BD10-BF667A60542A}.Release|Any CPU.ActiveCfg = Release|Any CPU
		{9BF0C85B-24CC-4498-BD10-BF667A60542A}.Release|Any CPU.Build.0 = Release|Any CPU
	EndGlobalSection
	GlobalSection(SolutionProperties) = preSolution
		HideSolutionNode = FALSE
	EndGlobalSection
EndGlobal
