
Microsoft Visual Studio Solution File, Format Version 12.00
# Visual Studio Version 16
VisualStudioVersion = 16.0.29009.5
MinimumVisualStudioVersion = 10.0.40219.1
Project("{2150E333-8FDC-42A3-9474-1A3956D46DE8}") = "Assembler", "Assembler", "{A98E01C9-FAA2-40F7-BFE1-C5481CA9F178}"
EndProject
Project("{9A19103F-16F7-4668-BE54-9A1E7A4F7556}") = "Spect.Net.Assembler", "Assembler\Spect.Net.Assembler\Spect.Net.Assembler.csproj", "{BF64583F-FC84-4897-8A78-465A57AB73AC}"
EndProject
Project("{2150E333-8FDC-42A3-9474-1A3956D46DE8}") = "Tests", "Tests", "{1F056754-1667-485D-B9E3-6736C0BD63E7}"
EndProject
Project("{9A19103F-16F7-4668-BE54-9A1E7A4F7556}") = "Spect.Net.Assembler.Test", "Tests\Spect.Net.Assembler.Test\Spect.Net.Assembler.Test.csproj", "{2CC4DB0A-D32E-40A0-A78A-63B021BE8CD8}"
EndProject
Project("{9A19103F-16F7-4668-BE54-9A1E7A4F7556}") = "Spect.Net.CommandParser", "Assembler\Spect.Net.CommandParser\Spect.Net.CommandParser.csproj", "{14508BA4-7D40-4949-9246-943B7F70391D}"
EndProject
Project("{9A19103F-16F7-4668-BE54-9A1E7A4F7556}") = "Spect.Net.CommandParser.Test", "Tests\Spect.Net.CommandParser.Test\Spect.Net.CommandParser.Test.csproj", "{452FA846-D081-49D1-9A11-B462DAA515AB}"
EndProject
Project("{9A19103F-16F7-4668-BE54-9A1E7A4F7556}") = "Spect.Net.EvalParser", "Assembler\Spect.Net.EvalParser\Spect.Net.EvalParser.csproj", "{8A3267E6-6511-4C02-864F-D06BD7FA1542}"
EndProject
Project("{9A19103F-16F7-4668-BE54-9A1E7A4F7556}") = "Spect.Net.EvalParser.Test", "Tests\Spect.Net.EvalParser.Test\Spect.Net.EvalParser.Test.csproj", "{CE64B98D-17B3-412A-9795-D95CD026794E}"
EndProject
Project("{9A19103F-16F7-4668-BE54-9A1E7A4F7556}") = "Spect.Net.TestParser", "Assembler\Spect.Net.TestParser\Spect.Net.TestParser.csproj", "{BF0CE3FE-6516-4377-A6E4-51151F4D5185}"
EndProject
Project("{9A19103F-16F7-4668-BE54-9A1E7A4F7556}") = "Spect.Net.TestParser.Test", "Tests\Spect.Net.TestParser.Test\Spect.Net.TestParser.Test.csproj", "{8A5F3492-4151-44AE-B0FD-796BBD2CEAB9}"
EndProject
Project("{2150E333-8FDC-42A3-9474-1A3956D46DE8}") = "Core", "Core", "{7F8FB20F-F9E6-4BB0-B67F-223C0EBBFCD2}"
EndProject
Project("{9A19103F-16F7-4668-BE54-9A1E7A4F7556}") = "Spect.Net.SpectrumEmu", "Core\Spect.Net.SpectrumEmu\Spect.Net.SpectrumEmu.csproj", "{B2917190-2C03-45D6-9DEC-C58EF0E4306C}"
EndProject
Project("{9A19103F-16F7-4668-BE54-9A1E7A4F7556}") = "Spect.Net.SpectrumEmu.Test", "Tests\Spect.Net.SpectrumEmu.Test\Spect.Net.SpectrumEmu.Test.csproj", "{B401D8DC-79E9-4D60-AADF-A9FD4766470E}"
EndProject
Project("{2150E333-8FDC-42A3-9474-1A3956D46DE8}") = "Solution Items", "Solution Items", "{ABF292E9-CC9E-4DC7-AD7E-3567C6FFE3C8}"
	ProjectSection(SolutionItems) = preProject
		global.json = global.json
	EndProjectSection
EndProject
Project("{2150E333-8FDC-42A3-9474-1A3956D46DE8}") = "VsIntegration", "VsIntegration", "{D18D297C-1469-4ABB-A658-20369A0EC476}"
EndProject
Project("{FAE04EC0-301F-11D3-BF4B-00C04F79EFBC}") = "Spect.Net.VsPackage", "VsIntegration\Spect.Net.VsPackage\Spect.Net.VsPackage.csproj", "{F6B84D08-129A-4077-90E2-0FCDDF2D41DF}"
EndProject
Project("{FAE04EC0-301F-11D3-BF4B-00C04F79EFBC}") = "Spect.Net.Z80AsmTemplate", "VsIntegration\Spect.Net.Z80AsmTemplate\Spect.Net.Z80AsmTemplate.csproj", "{F1705241-501D-4BCC-A1B7-90A2E0AA7795}"
EndProject
Project("{FAE04EC0-301F-11D3-BF4B-00C04F79EFBC}") = "Spect.Net.DisassAnnTemplate", "VsIntegration\Spect.Net.DisassAnnTemplate\Spect.Net.DisassAnnTemplate.csproj", "{DE39796B-F4C4-4854-BFF2-29B3AAB262D4}"
EndProject
Project("{FAE04EC0-301F-11D3-BF4B-00C04F79EFBC}") = "Spect.Net.Z80TestTemplate", "VsIntegration\Spect.Net.Z80TestTemplate\Spect.Net.Z80TestTemplate.csproj", "{2314354B-C31C-4BF7-B2F6-10DF76A10967}"
EndProject
Project("{FAE04EC0-301F-11D3-BF4B-00C04F79EFBC}") = "Spect.Net.ProjectWizard", "VsIntegration\Spect.Net.ProjectWizard\Spect.Net.ProjectWizard.csproj", "{7F2DC1EA-D3D4-43A9-8F69-95E90014A828}"
EndProject
Project("{FAE04EC0-301F-11D3-BF4B-00C04F79EFBC}") = "Spect.Net.Wpf", "Core\Spect.Net.Wpf\Spect.Net.Wpf.csproj", "{A288CE42-5FBE-46C9-81F5-C85221A68DF4}"
EndProject
Project("{FAE04EC0-301F-11D3-BF4B-00C04F79EFBC}") = "Spect.Net.CodeDiscover.ProjectTemplate", "VsIntegration\Spect.Net.CodeDiscover.ProjectTemplate\Spect.Net.CodeDiscover.ProjectTemplate.csproj", "{E33BCC87-665D-4A13-986C-98C1ABDB7FDE}"
EndProject
Project("{FAE04EC0-301F-11D3-BF4B-00C04F79EFBC}") = "Spect.Net.ZxBasicTemplate", "VsIntegration\Spect.Net.ZxBasicTemplate\Spect.Net.ZxBasicTemplate.csproj", "{075E5409-6330-431E-BF56-36DA111896A3}"
EndProject
Project("{FAE04EC0-301F-11D3-BF4B-00C04F79EFBC}") = "Spect.Net.AsmPlus", "Assembler\Spect.Net.AsmPlus\Spect.Net.AsmPlus.csproj", "{E58DBD28-2886-42C2-B48A-C0BBC75A44C0}"
EndProject
Project("{FAE04EC0-301F-11D3-BF4B-00C04F79EFBC}") = "Spect.Net.AsmPlus.Test", "Tests\Spect.Net.AsmPlus.Test\Spect.Net.AsmPlus.Test.csproj", "{CC97F135-44D3-4AE8-A9A2-57F47551CF11}"
EndProject
Global
	GlobalSection(SolutionConfigurationPlatforms) = preSolution
		Debug|Any CPU = Debug|Any CPU
		Release|Any CPU = Release|Any CPU
	EndGlobalSection
	GlobalSection(ProjectConfigurationPlatforms) = postSolution
		{BF64583F-FC84-4897-8A78-465A57AB73AC}.Debug|Any CPU.ActiveCfg = Debug|Any CPU
		{BF64583F-FC84-4897-8A78-465A57AB73AC}.Debug|Any CPU.Build.0 = Debug|Any CPU
		{BF64583F-FC84-4897-8A78-465A57AB73AC}.Release|Any CPU.ActiveCfg = Release|Any CPU
		{BF64583F-FC84-4897-8A78-465A57AB73AC}.Release|Any CPU.Build.0 = Release|Any CPU
		{2CC4DB0A-D32E-40A0-A78A-63B021BE8CD8}.Debug|Any CPU.ActiveCfg = Debug|Any CPU
		{2CC4DB0A-D32E-40A0-A78A-63B021BE8CD8}.Debug|Any CPU.Build.0 = Debug|Any CPU
		{2CC4DB0A-D32E-40A0-A78A-63B021BE8CD8}.Release|Any CPU.ActiveCfg = Release|Any CPU
		{2CC4DB0A-D32E-40A0-A78A-63B021BE8CD8}.Release|Any CPU.Build.0 = Release|Any CPU
		{14508BA4-7D40-4949-9246-943B7F70391D}.Debug|Any CPU.ActiveCfg = Debug|Any CPU
		{14508BA4-7D40-4949-9246-943B7F70391D}.Debug|Any CPU.Build.0 = Debug|Any CPU
		{14508BA4-7D40-4949-9246-943B7F70391D}.Release|Any CPU.ActiveCfg = Release|Any CPU
		{14508BA4-7D40-4949-9246-943B7F70391D}.Release|Any CPU.Build.0 = Release|Any CPU
		{452FA846-D081-49D1-9A11-B462DAA515AB}.Debug|Any CPU.ActiveCfg = Debug|Any CPU
		{452FA846-D081-49D1-9A11-B462DAA515AB}.Debug|Any CPU.Build.0 = Debug|Any CPU
		{452FA846-D081-49D1-9A11-B462DAA515AB}.Release|Any CPU.ActiveCfg = Release|Any CPU
		{452FA846-D081-49D1-9A11-B462DAA515AB}.Release|Any CPU.Build.0 = Release|Any CPU
		{8A3267E6-6511-4C02-864F-D06BD7FA1542}.Debug|Any CPU.ActiveCfg = Debug|Any CPU
		{8A3267E6-6511-4C02-864F-D06BD7FA1542}.Debug|Any CPU.Build.0 = Debug|Any CPU
		{8A3267E6-6511-4C02-864F-D06BD7FA1542}.Release|Any CPU.ActiveCfg = Release|Any CPU
		{8A3267E6-6511-4C02-864F-D06BD7FA1542}.Release|Any CPU.Build.0 = Release|Any CPU
		{CE64B98D-17B3-412A-9795-D95CD026794E}.Debug|Any CPU.ActiveCfg = Debug|Any CPU
		{CE64B98D-17B3-412A-9795-D95CD026794E}.Debug|Any CPU.Build.0 = Debug|Any CPU
		{CE64B98D-17B3-412A-9795-D95CD026794E}.Release|Any CPU.ActiveCfg = Release|Any CPU
		{CE64B98D-17B3-412A-9795-D95CD026794E}.Release|Any CPU.Build.0 = Release|Any CPU
		{BF0CE3FE-6516-4377-A6E4-51151F4D5185}.Debug|Any CPU.ActiveCfg = Debug|Any CPU
		{BF0CE3FE-6516-4377-A6E4-51151F4D5185}.Debug|Any CPU.Build.0 = Debug|Any CPU
		{BF0CE3FE-6516-4377-A6E4-51151F4D5185}.Release|Any CPU.ActiveCfg = Release|Any CPU
		{BF0CE3FE-6516-4377-A6E4-51151F4D5185}.Release|Any CPU.Build.0 = Release|Any CPU
		{8A5F3492-4151-44AE-B0FD-796BBD2CEAB9}.Debug|Any CPU.ActiveCfg = Debug|Any CPU
		{8A5F3492-4151-44AE-B0FD-796BBD2CEAB9}.Debug|Any CPU.Build.0 = Debug|Any CPU
		{8A5F3492-4151-44AE-B0FD-796BBD2CEAB9}.Release|Any CPU.ActiveCfg = Release|Any CPU
		{8A5F3492-4151-44AE-B0FD-796BBD2CEAB9}.Release|Any CPU.Build.0 = Release|Any CPU
		{B2917190-2C03-45D6-9DEC-C58EF0E4306C}.Debug|Any CPU.ActiveCfg = Debug|Any CPU
		{B2917190-2C03-45D6-9DEC-C58EF0E4306C}.Debug|Any CPU.Build.0 = Debug|Any CPU
		{B2917190-2C03-45D6-9DEC-C58EF0E4306C}.Release|Any CPU.ActiveCfg = Release|Any CPU
		{B2917190-2C03-45D6-9DEC-C58EF0E4306C}.Release|Any CPU.Build.0 = Release|Any CPU
		{B401D8DC-79E9-4D60-AADF-A9FD4766470E}.Debug|Any CPU.ActiveCfg = Debug|Any CPU
		{B401D8DC-79E9-4D60-AADF-A9FD4766470E}.Debug|Any CPU.Build.0 = Debug|Any CPU
		{B401D8DC-79E9-4D60-AADF-A9FD4766470E}.Release|Any CPU.ActiveCfg = Release|Any CPU
		{B401D8DC-79E9-4D60-AADF-A9FD4766470E}.Release|Any CPU.Build.0 = Release|Any CPU
		{F6B84D08-129A-4077-90E2-0FCDDF2D41DF}.Debug|Any CPU.ActiveCfg = Debug|Any CPU
		{F6B84D08-129A-4077-90E2-0FCDDF2D41DF}.Debug|Any CPU.Build.0 = Debug|Any CPU
		{F6B84D08-129A-4077-90E2-0FCDDF2D41DF}.Release|Any CPU.ActiveCfg = Release|Any CPU
		{F6B84D08-129A-4077-90E2-0FCDDF2D41DF}.Release|Any CPU.Build.0 = Release|Any CPU
		{F1705241-501D-4BCC-A1B7-90A2E0AA7795}.Debug|Any CPU.ActiveCfg = Debug|Any CPU
		{F1705241-501D-4BCC-A1B7-90A2E0AA7795}.Debug|Any CPU.Build.0 = Debug|Any CPU
		{F1705241-501D-4BCC-A1B7-90A2E0AA7795}.Release|Any CPU.ActiveCfg = Release|Any CPU
		{F1705241-501D-4BCC-A1B7-90A2E0AA7795}.Release|Any CPU.Build.0 = Release|Any CPU
		{DE39796B-F4C4-4854-BFF2-29B3AAB262D4}.Debug|Any CPU.ActiveCfg = Debug|Any CPU
		{DE39796B-F4C4-4854-BFF2-29B3AAB262D4}.Debug|Any CPU.Build.0 = Debug|Any CPU
		{DE39796B-F4C4-4854-BFF2-29B3AAB262D4}.Release|Any CPU.ActiveCfg = Release|Any CPU
		{DE39796B-F4C4-4854-BFF2-29B3AAB262D4}.Release|Any CPU.Build.0 = Release|Any CPU
		{2314354B-C31C-4BF7-B2F6-10DF76A10967}.Debug|Any CPU.ActiveCfg = Debug|Any CPU
		{2314354B-C31C-4BF7-B2F6-10DF76A10967}.Debug|Any CPU.Build.0 = Debug|Any CPU
		{2314354B-C31C-4BF7-B2F6-10DF76A10967}.Release|Any CPU.ActiveCfg = Release|Any CPU
		{2314354B-C31C-4BF7-B2F6-10DF76A10967}.Release|Any CPU.Build.0 = Release|Any CPU
		{7F2DC1EA-D3D4-43A9-8F69-95E90014A828}.Debug|Any CPU.ActiveCfg = Debug|Any CPU
		{7F2DC1EA-D3D4-43A9-8F69-95E90014A828}.Debug|Any CPU.Build.0 = Debug|Any CPU
		{7F2DC1EA-D3D4-43A9-8F69-95E90014A828}.Release|Any CPU.ActiveCfg = Release|Any CPU
		{7F2DC1EA-D3D4-43A9-8F69-95E90014A828}.Release|Any CPU.Build.0 = Release|Any CPU
		{A288CE42-5FBE-46C9-81F5-C85221A68DF4}.Debug|Any CPU.ActiveCfg = Debug|Any CPU
		{A288CE42-5FBE-46C9-81F5-C85221A68DF4}.Debug|Any CPU.Build.0 = Debug|Any CPU
		{A288CE42-5FBE-46C9-81F5-C85221A68DF4}.Release|Any CPU.ActiveCfg = Release|Any CPU
		{A288CE42-5FBE-46C9-81F5-C85221A68DF4}.Release|Any CPU.Build.0 = Release|Any CPU
		{E33BCC87-665D-4A13-986C-98C1ABDB7FDE}.Debug|Any CPU.ActiveCfg = Debug|Any CPU
		{E33BCC87-665D-4A13-986C-98C1ABDB7FDE}.Debug|Any CPU.Build.0 = Debug|Any CPU
		{E33BCC87-665D-4A13-986C-98C1ABDB7FDE}.Release|Any CPU.ActiveCfg = Release|Any CPU
		{E33BCC87-665D-4A13-986C-98C1ABDB7FDE}.Release|Any CPU.Build.0 = Release|Any CPU
		{075E5409-6330-431E-BF56-36DA111896A3}.Debug|Any CPU.ActiveCfg = Debug|Any CPU
		{075E5409-6330-431E-BF56-36DA111896A3}.Debug|Any CPU.Build.0 = Debug|Any CPU
		{075E5409-6330-431E-BF56-36DA111896A3}.Release|Any CPU.ActiveCfg = Release|Any CPU
		{075E5409-6330-431E-BF56-36DA111896A3}.Release|Any CPU.Build.0 = Release|Any CPU
		{E58DBD28-2886-42C2-B48A-C0BBC75A44C0}.Debug|Any CPU.ActiveCfg = Debug|Any CPU
		{E58DBD28-2886-42C2-B48A-C0BBC75A44C0}.Debug|Any CPU.Build.0 = Debug|Any CPU
		{E58DBD28-2886-42C2-B48A-C0BBC75A44C0}.Release|Any CPU.ActiveCfg = Release|Any CPU
		{E58DBD28-2886-42C2-B48A-C0BBC75A44C0}.Release|Any CPU.Build.0 = Release|Any CPU
		{CC97F135-44D3-4AE8-A9A2-57F47551CF11}.Debug|Any CPU.ActiveCfg = Debug|Any CPU
		{CC97F135-44D3-4AE8-A9A2-57F47551CF11}.Debug|Any CPU.Build.0 = Debug|Any CPU
		{CC97F135-44D3-4AE8-A9A2-57F47551CF11}.Release|Any CPU.ActiveCfg = Release|Any CPU
		{CC97F135-44D3-4AE8-A9A2-57F47551CF11}.Release|Any CPU.Build.0 = Release|Any CPU
	EndGlobalSection
	GlobalSection(SolutionProperties) = preSolution
		HideSolutionNode = FALSE
	EndGlobalSection
	GlobalSection(NestedProjects) = preSolution
		{BF64583F-FC84-4897-8A78-465A57AB73AC} = {A98E01C9-FAA2-40F7-BFE1-C5481CA9F178}
		{2CC4DB0A-D32E-40A0-A78A-63B021BE8CD8} = {1F056754-1667-485D-B9E3-6736C0BD63E7}
		{14508BA4-7D40-4949-9246-943B7F70391D} = {A98E01C9-FAA2-40F7-BFE1-C5481CA9F178}
		{452FA846-D081-49D1-9A11-B462DAA515AB} = {1F056754-1667-485D-B9E3-6736C0BD63E7}
		{8A3267E6-6511-4C02-864F-D06BD7FA1542} = {A98E01C9-FAA2-40F7-BFE1-C5481CA9F178}
		{CE64B98D-17B3-412A-9795-D95CD026794E} = {1F056754-1667-485D-B9E3-6736C0BD63E7}
		{BF0CE3FE-6516-4377-A6E4-51151F4D5185} = {A98E01C9-FAA2-40F7-BFE1-C5481CA9F178}
		{8A5F3492-4151-44AE-B0FD-796BBD2CEAB9} = {1F056754-1667-485D-B9E3-6736C0BD63E7}
		{B2917190-2C03-45D6-9DEC-C58EF0E4306C} = {7F8FB20F-F9E6-4BB0-B67F-223C0EBBFCD2}
		{B401D8DC-79E9-4D60-AADF-A9FD4766470E} = {1F056754-1667-485D-B9E3-6736C0BD63E7}
		{F6B84D08-129A-4077-90E2-0FCDDF2D41DF} = {D18D297C-1469-4ABB-A658-20369A0EC476}
		{F1705241-501D-4BCC-A1B7-90A2E0AA7795} = {D18D297C-1469-4ABB-A658-20369A0EC476}
		{DE39796B-F4C4-4854-BFF2-29B3AAB262D4} = {D18D297C-1469-4ABB-A658-20369A0EC476}
		{2314354B-C31C-4BF7-B2F6-10DF76A10967} = {D18D297C-1469-4ABB-A658-20369A0EC476}
		{7F2DC1EA-D3D4-43A9-8F69-95E90014A828} = {D18D297C-1469-4ABB-A658-20369A0EC476}
		{A288CE42-5FBE-46C9-81F5-C85221A68DF4} = {7F8FB20F-F9E6-4BB0-B67F-223C0EBBFCD2}
		{E33BCC87-665D-4A13-986C-98C1ABDB7FDE} = {D18D297C-1469-4ABB-A658-20369A0EC476}
		{075E5409-6330-431E-BF56-36DA111896A3} = {D18D297C-1469-4ABB-A658-20369A0EC476}
		{E58DBD28-2886-42C2-B48A-C0BBC75A44C0} = {A98E01C9-FAA2-40F7-BFE1-C5481CA9F178}
		{CC97F135-44D3-4AE8-A9A2-57F47551CF11} = {1F056754-1667-485D-B9E3-6736C0BD63E7}
	EndGlobalSection
	GlobalSection(ExtensibilityGlobals) = postSolution
		SolutionGuid = {C179A551-7272-4A51-A0F2-3E1E8A7E405B}
	EndGlobalSection
EndGlobal
