
Microsoft Visual Studio Solution File, Format Version 12.00
# Visual Studio 14
VisualStudioVersion = 14.0.25420.1
MinimumVisualStudioVersion = 10.0.40219.1
Project("{FAE04EC0-301F-11D3-BF4B-00C04F79EFBC}") = "AntlrZ80Asm", "AntlrZ80Asm\AntlrZ80Asm.csproj", "{1C175058-FB6B-4125-BDCE-F0C5107150A8}"
EndProject
Project("{FAE04EC0-301F-11D3-BF4B-00C04F79EFBC}") = "AntlrZ80Asm.Test", "AntlrZ80Asm.Test\AntlrZ80Asm.Test.csproj", "{9B77456F-2D75-4ABD-9968-416B184720F4}"
EndProject
Global
	GlobalSection(SolutionConfigurationPlatforms) = preSolution
		Debug|Any CPU = Debug|Any CPU
		Release|Any CPU = Release|Any CPU
	EndGlobalSection
	GlobalSection(ProjectConfigurationPlatforms) = postSolution
		{1C175058-FB6B-4125-BDCE-F0C5107150A8}.Debug|Any CPU.ActiveCfg = Debug|Any CPU
		{1C175058-FB6B-4125-BDCE-F0C5107150A8}.Debug|Any CPU.Build.0 = Debug|Any CPU
		{1C175058-FB6B-4125-BDCE-F0C5107150A8}.Release|Any CPU.ActiveCfg = Release|Any CPU
		{1C175058-FB6B-4125-BDCE-F0C5107150A8}.Release|Any CPU.Build.0 = Release|Any CPU
		{9B77456F-2D75-4ABD-9968-416B184720F4}.Debug|Any CPU.ActiveCfg = Debug|Any CPU
		{9B77456F-2D75-4ABD-9968-416B184720F4}.Debug|Any CPU.Build.0 = Debug|Any CPU
		{9B77456F-2D75-4ABD-9968-416B184720F4}.Release|Any CPU.ActiveCfg = Release|Any CPU
		{9B77456F-2D75-4ABD-9968-416B184720F4}.Release|Any CPU.Build.0 = Release|Any CPU
	EndGlobalSection
	GlobalSection(SolutionProperties) = preSolution
		HideSolutionNode = FALSE
	EndGlobalSection
EndGlobal
