
Microsoft Visual Studio Solution File, Format Version 12.00
# Visual Studio 15
VisualStudioVersion = 15.0.26430.14
MinimumVisualStudioVersion = 10.0.40219.1
Project("{8BC9CEB8-8B4A-11D0-8D11-00A0C91BC942}") = "Spect.Net.Z80Emu", "Spect.Net.Z80Emu\Spect.Net.Z80Emu.vcxproj", "{6D4CBD90-B7E3-4B1A-95A6-6DA4795592A7}"
EndProject
Project("{8BC9CEB8-8B4A-11D0-8D11-00A0C91BC942}") = "Spect.Net.Z80Emu.Test", "Spect.Net.Z80Emu.Test\Spect.Net.Z80Emu.Test.vcxproj", "{C2C7E59A-FCBE-4231-832C-7D7C53CCA617}"
EndProject
Global
	GlobalSection(SolutionConfigurationPlatforms) = preSolution
		Debug|x64 = Debug|x64
		Debug|x86 = Debug|x86
		Release|x64 = Release|x64
		Release|x86 = Release|x86
	EndGlobalSection
	GlobalSection(ProjectConfigurationPlatforms) = postSolution
		{6D4CBD90-B7E3-4B1A-95A6-6DA4795592A7}.Debug|x64.ActiveCfg = Debug|x64
		{6D4CBD90-B7E3-4B1A-95A6-6DA4795592A7}.Debug|x64.Build.0 = Debug|x64
		{6D4CBD90-B7E3-4B1A-95A6-6DA4795592A7}.Debug|x86.ActiveCfg = Debug|Win32
		{6D4CBD90-B7E3-4B1A-95A6-6DA4795592A7}.Debug|x86.Build.0 = Debug|Win32
		{6D4CBD90-B7E3-4B1A-95A6-6DA4795592A7}.Release|x64.ActiveCfg = Release|x64
		{6D4CBD90-B7E3-4B1A-95A6-6DA4795592A7}.Release|x64.Build.0 = Release|x64
		{6D4CBD90-B7E3-4B1A-95A6-6DA4795592A7}.Release|x86.ActiveCfg = Release|Win32
		{6D4CBD90-B7E3-4B1A-95A6-6DA4795592A7}.Release|x86.Build.0 = Release|Win32
		{C2C7E59A-FCBE-4231-832C-7D7C53CCA617}.Debug|x64.ActiveCfg = Debug|x64
		{C2C7E59A-FCBE-4231-832C-7D7C53CCA617}.Debug|x64.Build.0 = Debug|x64
		{C2C7E59A-FCBE-4231-832C-7D7C53CCA617}.Debug|x86.ActiveCfg = Debug|Win32
		{C2C7E59A-FCBE-4231-832C-7D7C53CCA617}.Debug|x86.Build.0 = Debug|Win32
		{C2C7E59A-FCBE-4231-832C-7D7C53CCA617}.Release|x64.ActiveCfg = Release|x64
		{C2C7E59A-FCBE-4231-832C-7D7C53CCA617}.Release|x64.Build.0 = Release|x64
		{C2C7E59A-FCBE-4231-832C-7D7C53CCA617}.Release|x86.ActiveCfg = Release|Win32
		{C2C7E59A-FCBE-4231-832C-7D7C53CCA617}.Release|x86.Build.0 = Release|Win32
	EndGlobalSection
	GlobalSection(SolutionProperties) = preSolution
		HideSolutionNode = FALSE
	EndGlobalSection
EndGlobal
